<?xml version="1.0" encoding="utf-8"?>
<Project ToolsVersion="4.0" xmlns="http://schemas.microsoft.com/developer/msbuild/2003">
  <ItemGroup>
    <Filter Include="assets">
      <UniqueIdentifier>{292e4759-51d0-49bb-8ad4-ec2548c35437}</UniqueIdentifier>
    </Filter>
    <Filter Include="assets\shaders">
      <UniqueIdentifier>{3f2c4d51-0b4f-41fb-8dd2-75394639c835}</UniqueIdentifier>
    </Filter>
  </ItemGroup>
  <ItemGroup>
    <ClCompile Include="src\SandboxApp.cpp" />
  </ItemGroup>
  <ItemGroup>
    <None Include="assets\shaders\fragment.glsl">
      <Filter>assets\shaders</Filter>
    </None>
    <None Include="assets\shaders\vertex.glsl">
      <Filter>assets\shaders</Filter>
    </None>
  </ItemGroup>
</Project>